
Microsoft Visual Studio Solution File, Format Version 12.00
# Visual Studio Version 17
VisualStudioVersion = 17.1.32210.238
MinimumVisualStudioVersion = 10.0.40219.1
Project("{FAE04EC0-301F-11D3-BF4B-00C04F79EFBC}") = "Insurence", "Insurence.csproj", "{362A2EFD-87F5-4501-89E1-945A648419D6}"
EndProject
Global
	GlobalSection(SolutionConfigurationPlatforms) = preSolution
		Debug|Any CPU = Debug|Any CPU
		Release|Any CPU = Release|Any CPU
	EndGlobalSection
	GlobalSection(ProjectConfigurationPlatforms) = postSolution
		{362A2EFD-87F5-4501-89E1-945A648419D6}.Debug|Any CPU.ActiveCfg = Debug|Any CPU
		{362A2EFD-87F5-4501-89E1-945A648419D6}.Debug|Any CPU.Build.0 = Debug|Any CPU
		{362A2EFD-87F5-4501-89E1-945A648419D6}.Release|Any CPU.ActiveCfg = Release|Any CPU
		{362A2EFD-87F5-4501-89E1-945A648419D6}.Release|Any CPU.Build.0 = Release|Any CPU
	EndGlobalSection
	GlobalSection(SolutionProperties) = preSolution
		HideSolutionNode = FALSE
	EndGlobalSection
	GlobalSection(ExtensibilityGlobals) = postSolution
		SolutionGuid = {F69D972F-4AD7-4210-83AB-5351790FBF45}
	EndGlobalSection
EndGlobal
